
Microsoft Visual Studio Solution File, Format Version 12.00
# Visual Studio Version 16
VisualStudioVersion = 16.0.29709.97
MinimumVisualStudioVersion = 10.0.40219.1
Project("{FAE04EC0-301F-11D3-BF4B-00C04F79EFBC}") = "LmaoLocker", "LmaoLocker\LmaoLocker.csproj", "{2EC2ECBC-BDA5-4A2B-A313-2EC54617CAAC}"
EndProject
Project("{FAE04EC0-301F-11D3-BF4B-00C04F79EFBC}") = "LmaoLock!", "LmaoLock!\LmaoLock!.csproj", "{51DEAF73-CBC9-46A8-934F-1A196A70862C}"
EndProject
Global
	GlobalSection(SolutionConfigurationPlatforms) = preSolution
		Debug|Any CPU = Debug|Any CPU
		Release|Any CPU = Release|Any CPU
	EndGlobalSection
	GlobalSection(ProjectConfigurationPlatforms) = postSolution
		{2EC2ECBC-BDA5-4A2B-A313-2EC54617CAAC}.Debug|Any CPU.ActiveCfg = Debug|Any CPU
		{2EC2ECBC-BDA5-4A2B-A313-2EC54617CAAC}.Debug|Any CPU.Build.0 = Debug|Any CPU
		{2EC2ECBC-BDA5-4A2B-A313-2EC54617CAAC}.Release|Any CPU.ActiveCfg = Release|Any CPU
		{2EC2ECBC-BDA5-4A2B-A313-2EC54617CAAC}.Release|Any CPU.Build.0 = Release|Any CPU
		{51DEAF73-CBC9-46A8-934F-1A196A70862C}.Debug|Any CPU.ActiveCfg = Debug|Any CPU
		{51DEAF73-CBC9-46A8-934F-1A196A70862C}.Debug|Any CPU.Build.0 = Debug|Any CPU
		{51DEAF73-CBC9-46A8-934F-1A196A70862C}.Release|Any CPU.ActiveCfg = Release|Any CPU
		{51DEAF73-CBC9-46A8-934F-1A196A70862C}.Release|Any CPU.Build.0 = Release|Any CPU
	EndGlobalSection
	GlobalSection(SolutionProperties) = preSolution
		HideSolutionNode = FALSE
	EndGlobalSection
	GlobalSection(ExtensibilityGlobals) = postSolution
		SolutionGuid = {6D6D43A1-A594-4AF8-B64F-95F5ED557414}
	EndGlobalSection
EndGlobal
